{
  "version": "5",
  "specifiers": {
    "npm:@bufbuild/protobuf@^2.6.3": "2.6.3",
    "npm:@lazy_engineer/my-lib-darwin-arm64@1": "1.0.0",
    "npm:@lazy_engineer/my-lib-darwin-x64@1": "1.0.0",
    "npm:@lazy_engineer/my-lib-linux-arm64@1": "1.0.0",
    "npm:@lazy_engineer/my-lib-linux-x64@1": "1.0.0",
    "npm:@lazy_engineer/my-lib-win32-arm64@1": "1.0.0",
    "npm:@lazy_engineer/my-lib-win32-x64@1": "1.0.0",
    "npm:@types/node@*": "24.2.0"
  },
  "npm": {
    "@bufbuild/protobuf@2.6.3": {
      "integrity": "sha512-w/gJKME9mYN7ZoUAmSMAWXk4hkVpxRKvEJCb3dV5g9wwWdxTJJ0ayOJAVcNxtdqaxDyFuC0uz4RSGVacJ030PQ=="
    },
    "@lazy_engineer/my-lib-darwin-arm64@1.0.0": {
      "integrity": "sha512-4P/F2r+UA9EoHKQ/4qTId1vBPV6APNEb+0TQ3pofB9OJ1UFnZ2UbChTqXoDmDRYXZSSk5nqtrDVWCCxaI6/KFQ==",
      "os": ["darwin"],
      "cpu": ["arm64"]
    },
    "@lazy_engineer/my-lib-darwin-x64@1.0.0": {
      "integrity": "sha512-WDTm52f9+lc7GF5bH7FbKdDmZPChKRsC3MHfQiz2PWpUqOArt1L4BL6dM4DYnIGD4s9q9Br1flYJigdGBLVUWQ==",
      "os": ["darwin"],
      "cpu": ["x64"]
    },
    "@lazy_engineer/my-lib-linux-arm64@1.0.0": {
      "integrity": "sha512-VaU7+yfsHvdRH52wEsIUeNUqf9KojWuqvDYBxjsxRCRdsSfEFUTczLZiPQ9QvNSjkGm9HAKrXhTfjT99B7SjOA==",
      "os": ["linux"],
      "cpu": ["arm64"]
    },
    "@lazy_engineer/my-lib-linux-x64@1.0.0": {
      "integrity": "sha512-A1Ta/txrBgnZEa7fCcm5iRuOpEHIOF7zZJfPD3so7l8yeOmEja54D+U6HIH616X0BUVJBn6r/wJtIcPMQTic/A==",
      "os": ["linux"],
      "cpu": ["x64"]
    },
    "@lazy_engineer/my-lib-win32-arm64@1.0.0": {
      "integrity": "sha512-NxN3OPg4lVRr0DuYROKa3mrNbZsEhUs8NCUCl1Q3jdQTWCGubtqNWHL7h2PYcKCLAoXh9QRYh+qGowa0q8lKdQ==",
      "os": ["win32"],
      "cpu": ["arm64"]
    },
    "@lazy_engineer/my-lib-win32-x64@1.0.0": {
      "integrity": "sha512-Rg9ljxFEvFvxvuPsQJjKjWaUV3xXggkuieaaV25bf1ci0A5nsS8IdQQOEl+MeWPi7IShNsWsyeAXiuQR0UfhGg==",
      "os": ["win32"],
      "cpu": ["x64"]
    },
    "@types/node@24.2.0": {
      "integrity": "sha512-3xyG3pMCq3oYCNg7/ZP+E1ooTaGB4cG8JWRsqqOYQdbWNY4zbaV0Ennrd7stjiJEFZCaybcIgpTjJWHRfBSIDw==",
      "dependencies": [
        "undici-types"
      ]
    },
    "undici-types@7.10.0": {
      "integrity": "sha512-t5Fy/nfn+14LuOc2KNYg75vZqClpAiqscVvMygNnlsHBFpSXdJaYtXMcdNLpl/Qvc3P2cB3s6lOV51nqsFq4ag=="
    }
  },
  "workspace": {
    "dependencies": [
      "npm:@bufbuild/protobuf@^2.6.3",
      "npm:@lazy_engineer/my-lib-darwin-arm64@1",
      "npm:@lazy_engineer/my-lib-darwin-x64@1",
      "npm:@lazy_engineer/my-lib-linux-arm64@1",
      "npm:@lazy_engineer/my-lib-linux-x64@1",
      "npm:@lazy_engineer/my-lib-win32-arm64@1",
      "npm:@lazy_engineer/my-lib-win32-x64@1"
    ]
  }
}
